
Microsoft Visual Studio Solution File, Format Version 12.00
# Visual Studio 15
VisualStudioVersion = 15.0.26403.7
MinimumVisualStudioVersion = 10.0.40219.1
Project("{FAE04EC0-301F-11D3-BF4B-00C04F79EFBC}") = "Blog Momentum", "Blog Momentum\Blog Momentum.csproj", "{E02FAEE7-D691-49C7-9971-E10260483F15}"
EndProject
Project("{FAE04EC0-301F-11D3-BF4B-00C04F79EFBC}") = "UmbracoWebsite", "UmbracoWebsite\UmbracoWebsite.csproj", "{416D5D3F-7DC7-448F-8C61-97EB63B582A8}"
EndProject
Project("{2150E333-8FDC-42A3-9474-1A3956D46DE8}") = "Files", "Files", "{FDFEEF36-CF3F-4145-9D96-A7F6B31CEF0A}"
	ProjectSection(SolutionItems) = preProject
		.gitignore = .gitignore
		licence.md = licence.md
		README.md = README.md
	EndProjectSection
EndProject
Global
	GlobalSection(SolutionConfigurationPlatforms) = preSolution
		Debug|Any CPU = Debug|Any CPU
		Release|Any CPU = Release|Any CPU
	EndGlobalSection
	GlobalSection(ProjectConfigurationPlatforms) = postSolution
		{E02FAEE7-D691-49C7-9971-E10260483F15}.Debug|Any CPU.ActiveCfg = Debug|Any CPU
		{E02FAEE7-D691-49C7-9971-E10260483F15}.Debug|Any CPU.Build.0 = Debug|Any CPU
		{E02FAEE7-D691-49C7-9971-E10260483F15}.Release|Any CPU.ActiveCfg = Release|Any CPU
		{E02FAEE7-D691-49C7-9971-E10260483F15}.Release|Any CPU.Build.0 = Release|Any CPU
		{416D5D3F-7DC7-448F-8C61-97EB63B582A8}.Debug|Any CPU.ActiveCfg = Debug|Any CPU
		{416D5D3F-7DC7-448F-8C61-97EB63B582A8}.Debug|Any CPU.Build.0 = Debug|Any CPU
		{416D5D3F-7DC7-448F-8C61-97EB63B582A8}.Release|Any CPU.ActiveCfg = Release|Any CPU
		{416D5D3F-7DC7-448F-8C61-97EB63B582A8}.Release|Any CPU.Build.0 = Release|Any CPU
	EndGlobalSection
	GlobalSection(SolutionProperties) = preSolution
		HideSolutionNode = FALSE
	EndGlobalSection
EndGlobal
